
Microsoft Visual Studio Solution File, Format Version 12.00
# Visual Studio Version 16
VisualStudioVersion = 16.0.32106.194
MinimumVisualStudioVersion = 10.0.40219.1
Project("{FAE04EC0-301F-11D3-BF4B-00C04F79EFBC}") = "AppLogger", "AppLogger\AppLogger.csproj", "{454720BC-9893-4CAF-A6D8-D8E3ABCD9F06}"
EndProject
Global
	GlobalSection(SolutionConfigurationPlatforms) = preSolution
		Debug|Any CPU = Debug|Any CPU
		Release|Any CPU = Release|Any CPU
	EndGlobalSection
	GlobalSection(ProjectConfigurationPlatforms) = postSolution
		{454720BC-9893-4CAF-A6D8-D8E3ABCD9F06}.Debug|Any CPU.ActiveCfg = Debug|Any CPU
		{454720BC-9893-4CAF-A6D8-D8E3ABCD9F06}.Debug|Any CPU.Build.0 = Debug|Any CPU
		{454720BC-9893-4CAF-A6D8-D8E3ABCD9F06}.Release|Any CPU.ActiveCfg = Release|Any CPU
		{454720BC-9893-4CAF-A6D8-D8E3ABCD9F06}.Release|Any CPU.Build.0 = Release|Any CPU
	EndGlobalSection
	GlobalSection(SolutionProperties) = preSolution
		HideSolutionNode = FALSE
	EndGlobalSection
	GlobalSection(ExtensibilityGlobals) = postSolution
		SolutionGuid = {164E3CFA-D102-43D8-9C1D-051AF6B519BC}
	EndGlobalSection
EndGlobal
