
Microsoft Visual Studio Solution File, Format Version 12.00
# Visual Studio Version 16
VisualStudioVersion = 16.0.32106.194
MinimumVisualStudioVersion = 10.0.40219.1
Project("{FAE04EC0-301F-11D3-BF4B-00C04F79EFBC}") = "ExampleLib", "ExampleLib\ExampleLib.csproj", "{265C0643-FB4E-4BDA-A035-C1E237853794}"
EndProject
Global
	GlobalSection(SolutionConfigurationPlatforms) = preSolution
		Debug|Any CPU = Debug|Any CPU
		Release|Any CPU = Release|Any CPU
	EndGlobalSection
	GlobalSection(ProjectConfigurationPlatforms) = postSolution
		{265C0643-FB4E-4BDA-A035-C1E237853794}.Debug|Any CPU.ActiveCfg = Debug|Any CPU
		{265C0643-FB4E-4BDA-A035-C1E237853794}.Debug|Any CPU.Build.0 = Debug|Any CPU
		{265C0643-FB4E-4BDA-A035-C1E237853794}.Release|Any CPU.ActiveCfg = Release|Any CPU
		{265C0643-FB4E-4BDA-A035-C1E237853794}.Release|Any CPU.Build.0 = Release|Any CPU
	EndGlobalSection
	GlobalSection(SolutionProperties) = preSolution
		HideSolutionNode = FALSE
	EndGlobalSection
	GlobalSection(ExtensibilityGlobals) = postSolution
		SolutionGuid = {4F33729A-31BA-40A9-BCB9-CCB264C08A8F}
	EndGlobalSection
EndGlobal
