
Microsoft Visual Studio Solution File, Format Version 12.00
# Visual Studio Version 16
VisualStudioVersion = 16.0.32106.194
MinimumVisualStudioVersion = 10.0.40219.1
Project("{FAE04EC0-301F-11D3-BF4B-00C04F79EFBC}") = "WpfNPIOExample", "WpfNPIOExample\WpfNPIOExample.csproj", "{50879CC3-5C25-4A5A-B88F-98FF3EEA71D8}"
EndProject
Global
	GlobalSection(SolutionConfigurationPlatforms) = preSolution
		Debug|Any CPU = Debug|Any CPU
		Release|Any CPU = Release|Any CPU
	EndGlobalSection
	GlobalSection(ProjectConfigurationPlatforms) = postSolution
		{50879CC3-5C25-4A5A-B88F-98FF3EEA71D8}.Debug|Any CPU.ActiveCfg = Debug|Any CPU
		{50879CC3-5C25-4A5A-B88F-98FF3EEA71D8}.Debug|Any CPU.Build.0 = Debug|Any CPU
		{50879CC3-5C25-4A5A-B88F-98FF3EEA71D8}.Release|Any CPU.ActiveCfg = Release|Any CPU
		{50879CC3-5C25-4A5A-B88F-98FF3EEA71D8}.Release|Any CPU.Build.0 = Release|Any CPU
	EndGlobalSection
	GlobalSection(SolutionProperties) = preSolution
		HideSolutionNode = FALSE
	EndGlobalSection
	GlobalSection(ExtensibilityGlobals) = postSolution
		SolutionGuid = {A39DDD90-D42A-402C-8355-AC39C7F3D40A}
	EndGlobalSection
EndGlobal
